filippo.io/edwards25519 v1.1.0 h1:FNf4tywRC1HmFuKW5xopWpigGjJKiJSV0Cqo0cJWDaA=
filippo.io/edwards25519 v1.1.0/go.mod h1:BxyFTGdWcka3PhytdK4V28tE5sGfRvvvRV7EaN4VDT4=
github.com/creack/pty v1.1.9/go.mod h1:oKZEueFk5CKHvIhNR5MUki03XCEU+Q6VDXinZuGJ33E=
github.com/go-sql-driver/mysql v1.8.1 h1:LedoTUt/eveggdHS9qUFC1EFSa8bU2+1pZjSRpvNJ1Y=
github.com/go-sql-driver/mysql v1.8.1/go.mod h1:wEBSXgmK//2ZFJyE+qWnIsVGmvmEKlqwuVSjsCm7DZg=
github.com/golang-jwt/jwt/v5 v5.2.1 h1:OuVbFODueb089Lh128TAcimifWaLhJwVflnrgM17wHk=
github.com/golang-jwt/jwt/v5 v5.2.1/go.mod h1:pqrtFR0X4osieyHYxtmOUWsAWrfe1Q5UVIyoH402zdk=
github.com/google/uuid v1.6.0 h1:NIvaJDMOsjHA8n1jAhLSgzrAzy1Hgr+hNrb57e+94F0=
github.com/google/uuid v1.6.0/go.mod h1:TIyPZe4MgqvfeYDBFedMoGGpEw/LqOeaOT+nhxU+yHo=
github.com/kr/pretty v0.3.1 h1:flRD4NNwYAUpkphVc1HcthR4KEIFJ65n8Mw5qdRn3LE=
github.com/kr/pretty v0.3.1/go.mod h1:hoEshYVHaxMs3cyo3Yncou5ZscifuDolrwPKZanG3xk=
github.com/kr/text v0.2.0 h1:5Nx0Ya0ZqY2ygV366QzturHI13Jq95ApcVaJBhpS+AY=
github.com/kr/text v0.2.0/go.mod h1:eLer722TekiGuMkidMxC/pM04lWEeraHUUmBw8l2grE=
github.com/lib/pq v1.10.9 h1:YXG7RB+JIjhP29X+OtkiDnYaXQwpS4JEWq7dtCCRUEw=
github.com/pkg/diff v0.0.0-20210226163009-20ebb0f2a09e/go.mod h1:pJLUxLENpZxwdsKMEsNbx1VGcRFpLqf3715MtcvvzbA=
github.com/rogpeppe/go-internal v1.9.0 h1:73kH8U+JUqXU8lRuOHeVHaa/SZPifC7BkcraZVejAe8=
github.com/rogpeppe/go-internal v1.9.0/go.mod h1:WtVeX8xhTBvf0smdhujwtBcq4Qrzq/fJaraNFVN+nFs=
github.com/valord577/mailx v0.6.20240511 h1:ZWVhvp+4p2xW5P+wWAAXdNz+qF46OcZewJu2s5+nw9o=
github.com/valord577/mailx v0.6.20240511/go.mod h1:aGgPawsLOerLCxf7XU9jnke7B0lyp5Bl5JhsufWBwS0=
github.com/vault-thirteen/BytePackedPassword v0.3.10 h1:hhrWy+deydAWTOsE8b0DEA2PhvrHdQ5gjEFFhwTlfaE=
github.com/vault-thirteen/BytePackedPassword v0.3.10/go.mod h1:/sJl56Mwma00VmuArd1Rk/D2vtUw+XINZ3+sKNh4f6c=
github.com/vault-thirteen/Cache v0.12.5 h1:7N3Ga6szDA5Iy78mm0ks5dD7oj2tJYDS6IrOsE9sJ2A=
github.com/vault-thirteen/Cache v0.12.5/go.mod h1:XY0+9OOyu5JjtQLjbsd/SL34PEVwI6e+BqJFYT+0rt4=
github.com/vault-thirteen/JSON-RPC-M1 v0.3.6 h1:UPt+8utkQ0L3kb95i0J4vySftP/j1KjTf87f+Mcg/y0=
github.com/vault-thirteen/JSON-RPC-M1 v0.3.6/go.mod h1:RnSjv9RLuU8w8PlXgEfJ2rUEmmIIQDyxsACs15NX59Q=
github.com/vault-thirteen/RingCaptcha v0.7.6 h1:284ocYjGdn6bLlcqa3JK5yZOurxbHjgYk+XEOVBpn3Y=
github.com/vault-thirteen/RingCaptcha v0.7.6/go.mod h1:VZByQb/Fgy+VZ5Y3uwQLYBgQ0aeByR5rL+1Fp7aaQ6E=
github.com/vault-thirteen/Simple-File-Server v0.12.2 h1:tGzW7XgXJNS3Y9KkC2JBc3YnjqMGKr+IjgWydtsYvhk=
github.com/vault-thirteen/Simple-File-Server v0.12.2/go.mod h1:e+meLEoLOry5rDorNnVVY67HdQtonGiWhZ4fZc66WNk=
github.com/vault-thirteen/auxie v0.26.1 h1:YH6XTxUGuargf6mcHGNKuhJ9h80Mu/dEexEKi8ySXhY=
github.com/vault-thirteen/auxie v0.26.1/go.mod h1:kMmhwPG5U5Oqz3XRxOaccgOPqTOHc9dFQ1EeoX3AbPw=
golang.org/x/crypto v0.25.0 h1:ypSNr+bnYL2YhwoMt2zPxHFmbAN1KZs/njMG3hxUp30=
golang.org/x/crypto v0.25.0/go.mod h1:T+wALwcMOSE0kXgUAnPAHqTLW+XHgcELELW8VaDgm/M=
golang.org/x/image v0.18.0 h1:jGzIakQa/ZXI1I0Fxvaa9W7yP25TqT6cHIHn+6CqvSQ=
golang.org/x/image v0.18.0/go.mod h1:4yyo5vMFQjVjUcVk4jEQcU9MGy/rulF5WvUILseCM2E=
golang.org/x/sys v0.22.0 h1:RI27ohtqKCnwULzJLqkv897zojh5/DwS/ENaMzUOaWI=
golang.org/x/sys v0.22.0/go.mod h1:/VUhepiaJMQUp4+oa/7Zr1D23ma6VTLIYjOOTFZPUcA=
golang.org/x/term v0.22.0 h1:BbsgPEJULsl2fV/AT3v15Mjva5yXKQDyKf+TbDz7QJk=
golang.org/x/term v0.22.0/go.mod h1:F3qCibpT5AMpCRfhfT53vVJwhLtIVHhB9XDjfFvnMI4=
